PODS:
  - Alamofire (4.7.3)
  - PromiseKit/CorePromise (6.5.2)
  - SwiftLint (0.27.0)
  - SwiftyJSON (4.2.0)

DEPENDENCIES:
  - Alamofire (~> 4.7)
  - PromiseKit/CorePromise (~> 6.0)
  - SwiftLint
  - SwiftyJSON (~> 4.0)

SPEC REPOS:
  https://github.com/cocoapods/specs.git:
    - Alamofire
    - PromiseKit
    - SwiftLint
    - SwiftyJSON

SPEC CHECKSUMS:
  Alamofire: c7287b6e5d7da964a70935e5db17046b7fde6568
  PromiseKit: 27c1601bfb73405871b805bcb8cf7e55c4dad3db
  SwiftLint: 3207c1faa2240bf8973b191820a116113cd11073
  SwiftyJSON: c4bcba26dd9ec7a027fc8eade48e2c911f229e96

PODFILE CHECKSUM: b36e846cd2455c86a1b983b3b7a0d1a4f0617d78

COCOAPODS: 1.5.3
